
Microsoft Visual Studio Solution File, Format Version 12.00
# Visual Studio 15
VisualStudioVersion = 15.0.28307.271
MinimumVisualStudioVersion = 10.0.40219.1
Project("{FAE04EC0-301F-11D3-BF4B-00C04F79EFBC}") = "LabirentProblemi", "LabirentProblemi\LabirentProblemi.csproj", "{58ABB79D-28FE-4888-A183-1A0AFE5D57EF}"
EndProject
Global
	GlobalSection(SolutionConfigurationPlatforms) = preSolution
		Debug|Any CPU = Debug|Any CPU
		Release|Any CPU = Release|Any CPU
	EndGlobalSection
	GlobalSection(ProjectConfigurationPlatforms) = postSolution
		{58ABB79D-28FE-4888-A183-1A0AFE5D57EF}.Debug|Any CPU.ActiveCfg = Debug|Any CPU
		{58ABB79D-28FE-4888-A183-1A0AFE5D57EF}.Debug|Any CPU.Build.0 = Debug|Any CPU
		{58ABB79D-28FE-4888-A183-1A0AFE5D57EF}.Release|Any CPU.ActiveCfg = Release|Any CPU
		{58ABB79D-28FE-4888-A183-1A0AFE5D57EF}.Release|Any CPU.Build.0 = Release|Any CPU
	EndGlobalSection
	GlobalSection(SolutionProperties) = preSolution
		HideSolutionNode = FALSE
	EndGlobalSection
	GlobalSection(ExtensibilityGlobals) = postSolution
		SolutionGuid = {E97B2944-1212-4FB0-AB73-5BCB70DF5B1C}
	EndGlobalSection
EndGlobal
